
Microsoft Visual Studio Solution File, Format Version 12.00
# Visual Studio Version 17
VisualStudioVersion = 17.3.32922.545
MinimumVisualStudioVersion = 10.0.40219.1
Project("{9A19103F-16F7-4668-BE54-9A1E7A4F7556}") = "TrackerLibrary", "TrackerLibrary\TrackerLibrary.csproj", "{92EA6A36-3FF1-452C-96BE-971AE6A62AC4}"
EndProject
Project("{9A19103F-16F7-4668-BE54-9A1E7A4F7556}") = "TrackerUI", "TrackerUI\TrackerUI.csproj", "{D8E0E58C-16F3-4B95-96D5-0B153211DE14}"
	ProjectSection(ProjectDependencies) = postProject
		{92EA6A36-3FF1-452C-96BE-971AE6A62AC4} = {92EA6A36-3FF1-452C-96BE-971AE6A62AC4}
	EndProjectSection
EndProject
Project("{54435603-DBB4-11D2-8724-00A0C9A8B90C}") = "SnG Analyzer", "SnG Analyzer\SnG Analyzer.vdproj", "{3622C0B0-890C-44AE-A0D4-76B6231FEC56}"
EndProject
Global
	GlobalSection(SolutionConfigurationPlatforms) = preSolution
		Debug|Any CPU = Debug|Any CPU
		Debug|ARM32 = Debug|ARM32
		Debug|x64 = Debug|x64
		Release|Any CPU = Release|Any CPU
		Release|ARM32 = Release|ARM32
		Release|x64 = Release|x64
	EndGlobalSection
	GlobalSection(ProjectConfigurationPlatforms) = postSolution
		{92EA6A36-3FF1-452C-96BE-971AE6A62AC4}.Debug|Any CPU.ActiveCfg = Debug|Any CPU
		{92EA6A36-3FF1-452C-96BE-971AE6A62AC4}.Debug|Any CPU.Build.0 = Debug|Any CPU
		{92EA6A36-3FF1-452C-96BE-971AE6A62AC4}.Debug|ARM32.ActiveCfg = Debug|Any CPU
		{92EA6A36-3FF1-452C-96BE-971AE6A62AC4}.Debug|ARM32.Build.0 = Debug|Any CPU
		{92EA6A36-3FF1-452C-96BE-971AE6A62AC4}.Debug|x64.ActiveCfg = Debug|Any CPU
		{92EA6A36-3FF1-452C-96BE-971AE6A62AC4}.Debug|x64.Build.0 = Debug|Any CPU
		{92EA6A36-3FF1-452C-96BE-971AE6A62AC4}.Release|Any CPU.ActiveCfg = Release|Any CPU
		{92EA6A36-3FF1-452C-96BE-971AE6A62AC4}.Release|Any CPU.Build.0 = Release|Any CPU
		{92EA6A36-3FF1-452C-96BE-971AE6A62AC4}.Release|ARM32.ActiveCfg = Release|Any CPU
		{92EA6A36-3FF1-452C-96BE-971AE6A62AC4}.Release|ARM32.Build.0 = Release|Any CPU
		{92EA6A36-3FF1-452C-96BE-971AE6A62AC4}.Release|x64.ActiveCfg = Release|Any CPU
		{92EA6A36-3FF1-452C-96BE-971AE6A62AC4}.Release|x64.Build.0 = Release|Any CPU
		{D8E0E58C-16F3-4B95-96D5-0B153211DE14}.Debug|Any CPU.ActiveCfg = Debug|Any CPU
		{D8E0E58C-16F3-4B95-96D5-0B153211DE14}.Debug|Any CPU.Build.0 = Debug|Any CPU
		{D8E0E58C-16F3-4B95-96D5-0B153211DE14}.Debug|ARM32.ActiveCfg = Debug|Any CPU
		{D8E0E58C-16F3-4B95-96D5-0B153211DE14}.Debug|ARM32.Build.0 = Debug|Any CPU
		{D8E0E58C-16F3-4B95-96D5-0B153211DE14}.Debug|x64.ActiveCfg = Debug|Any CPU
		{D8E0E58C-16F3-4B95-96D5-0B153211DE14}.Debug|x64.Build.0 = Debug|Any CPU
		{D8E0E58C-16F3-4B95-96D5-0B153211DE14}.Release|Any CPU.ActiveCfg = Release|Any CPU
		{D8E0E58C-16F3-4B95-96D5-0B153211DE14}.Release|Any CPU.Build.0 = Release|Any CPU
		{D8E0E58C-16F3-4B95-96D5-0B153211DE14}.Release|ARM32.ActiveCfg = Release|Any CPU
		{D8E0E58C-16F3-4B95-96D5-0B153211DE14}.Release|ARM32.Build.0 = Release|Any CPU
		{D8E0E58C-16F3-4B95-96D5-0B153211DE14}.Release|x64.ActiveCfg = Release|Any CPU
		{D8E0E58C-16F3-4B95-96D5-0B153211DE14}.Release|x64.Build.0 = Release|Any CPU
		{3622C0B0-890C-44AE-A0D4-76B6231FEC56}.Debug|Any CPU.ActiveCfg = Debug
		{3622C0B0-890C-44AE-A0D4-76B6231FEC56}.Debug|ARM32.ActiveCfg = Debug
		{3622C0B0-890C-44AE-A0D4-76B6231FEC56}.Debug|x64.ActiveCfg = Debug
		{3622C0B0-890C-44AE-A0D4-76B6231FEC56}.Release|Any CPU.ActiveCfg = Release
		{3622C0B0-890C-44AE-A0D4-76B6231FEC56}.Release|ARM32.ActiveCfg = Release
		{3622C0B0-890C-44AE-A0D4-76B6231FEC56}.Release|x64.ActiveCfg = Release
	EndGlobalSection
	GlobalSection(SolutionProperties) = preSolution
		HideSolutionNode = FALSE
	EndGlobalSection
	GlobalSection(ExtensibilityGlobals) = postSolution
		SolutionGuid = {F909F6E4-093E-4008-AEF3-18E8BBF22185}
	EndGlobalSection
EndGlobal
